{
  "name": "k4o-bumper",
  "version": "1.1.0",
  "lockfileVersion": 2,
  "requires": true,
  "description": "",
  "keywords": [],
  "license": "ISC",
  "main": "index.js",
  "maintainers": [
    {
      "name": "Jose Verissimo",
      "email": "me@joseverissimo.com"
    }
  ],
  "packages": {
    "": {
      "name": "k4o-bumper",
      "version": "1.1.0",
      "license": "ISC",
      "dependencies": {
        "semver": "^7.3.7"
      },
      "bin": {
        "k4o-bumper": "index.js"
      }
    },
    "node_modules/semver": {
      "version": "7.3.7",
      "license": "ISC",
      "dependencies": {
        "lru-cache": "^6.0.0"
      },
      "bin": {
        "semver": "bin/semver.js"
      },
      "engines": {
        "node": ">=10"
      }
    }
  },
  "dependencies": {
    "semver": {
      "version": "7.3.7",
      "requires": {
        "lru-cache": "^6.0.0"
      }
    }
  },
  "author": {
    "name": "Jose Verissimo",
    "email": "me@joseverissimo.com",
    "url": "https://joseverissimo.com"
  },
  "bin": {
    "k4o-bumper": "./index.js"
  },
  "repository": {
    "type": "git",
    "url": "https://github.com/jose-verissimo/k4o-bumper"
  },
  "scripts": {
    "start": "node index.js"
  }
}
